
Microsoft Visual Studio Solution File, Format Version 12.00
# Visual Studio 15
VisualStudioVersion = 15.0.28307.421
MinimumVisualStudioVersion = 10.0.40219.1
Project("{FAE04EC0-301F-11D3-BF4B-00C04F79EFBC}") = "Web", "Web\Web.csproj", "{E7466917-2001-4609-949C-FA80ECD9D935}"
EndProject
Project("{FAE04EC0-301F-11D3-BF4B-00C04F79EFBC}") = "Datos", "Datos\Datos.csproj", "{16B5857D-19D0-4460-8958-73AF4267E203}"
EndProject
Project("{FAE04EC0-301F-11D3-BF4B-00C04F79EFBC}") = "Entidades", "Entidades\Entidades.csproj", "{7BD164C5-F459-4568-995D-1E77F74254C7}"
EndProject
Project("{FAE04EC0-301F-11D3-BF4B-00C04F79EFBC}") = "Negocio", "Negocio\Negocio.csproj", "{324420DE-19F2-4668-853D-850EF952F9F2}"
EndProject
Global
	GlobalSection(SolutionConfigurationPlatforms) = preSolution
		Debug|Any CPU = Debug|Any CPU
		Release|Any CPU = Release|Any CPU
	EndGlobalSection
	GlobalSection(ProjectConfigurationPlatforms) = postSolution
		{E7466917-2001-4609-949C-FA80ECD9D935}.Debug|Any CPU.ActiveCfg = Debug|Any CPU
		{E7466917-2001-4609-949C-FA80ECD9D935}.Debug|Any CPU.Build.0 = Debug|Any CPU
		{E7466917-2001-4609-949C-FA80ECD9D935}.Release|Any CPU.ActiveCfg = Release|Any CPU
		{E7466917-2001-4609-949C-FA80ECD9D935}.Release|Any CPU.Build.0 = Release|Any CPU
		{16B5857D-19D0-4460-8958-73AF4267E203}.Debug|Any CPU.ActiveCfg = Debug|Any CPU
		{16B5857D-19D0-4460-8958-73AF4267E203}.Debug|Any CPU.Build.0 = Debug|Any CPU
		{16B5857D-19D0-4460-8958-73AF4267E203}.Release|Any CPU.ActiveCfg = Release|Any CPU
		{16B5857D-19D0-4460-8958-73AF4267E203}.Release|Any CPU.Build.0 = Release|Any CPU
		{7BD164C5-F459-4568-995D-1E77F74254C7}.Debug|Any CPU.ActiveCfg = Debug|Any CPU
		{7BD164C5-F459-4568-995D-1E77F74254C7}.Debug|Any CPU.Build.0 = Debug|Any CPU
		{7BD164C5-F459-4568-995D-1E77F74254C7}.Release|Any CPU.ActiveCfg = Release|Any CPU
		{7BD164C5-F459-4568-995D-1E77F74254C7}.Release|Any CPU.Build.0 = Release|Any CPU
		{324420DE-19F2-4668-853D-850EF952F9F2}.Debug|Any CPU.ActiveCfg = Debug|Any CPU
		{324420DE-19F2-4668-853D-850EF952F9F2}.Debug|Any CPU.Build.0 = Debug|Any CPU
		{324420DE-19F2-4668-853D-850EF952F9F2}.Release|Any CPU.ActiveCfg = Release|Any CPU
		{324420DE-19F2-4668-853D-850EF952F9F2}.Release|Any CPU.Build.0 = Release|Any CPU
	EndGlobalSection
	GlobalSection(SolutionProperties) = preSolution
		HideSolutionNode = FALSE
	EndGlobalSection
	GlobalSection(ExtensibilityGlobals) = postSolution
		SolutionGuid = {77AB76F2-4F32-4B97-A206-1483AAF3D976}
		EnterpriseLibraryConfigurationToolBinariesPathV6 = packages\EnterpriseLibrary.Common.6.0.1304.0\lib\NET45;packages\EnterpriseLibrary.Data.6.0.1304.0\lib\NET45
	EndGlobalSection
	GlobalSection(TeamFoundationVersionControl) = preSolution
		SccNumberOfProjects = 5
		SccEnterpriseProvider = {4CA58AB2-18FA-4F8D-95D4-32DDF27D184C}
		SccTeamFoundationServer = http://172.26.16.70:8080/tfs/desarrollos.net
		SccProjectUniqueName0 = Negocio\\Negocio.csproj
		SccProjectName0 = Negocio
		SccLocalPath0 = Negocio
		SccProjectUniqueName1 = Entidades\\Entidades.csproj
		SccProjectName1 = Entidades
		SccLocalPath1 = Entidades
		SccProjectUniqueName2 = Datos\\Datos.csproj
		SccProjectName2 = Datos
		SccLocalPath2 = Datos
		SccProjectUniqueName3 = Web\\Web.csproj
		SccProjectName3 = Web
		SccLocalPath3 = Web
		SccLocalPath4 = .
	EndGlobalSection
EndGlobal
