
Microsoft Visual Studio Solution File, Format Version 12.00
# Visual Studio 15
VisualStudioVersion = 15.0.28307.779
MinimumVisualStudioVersion = 10.0.40219.1
Project("{FAE04EC0-301F-11D3-BF4B-00C04F79EFBC}") = "JUDMB", "JUDMB\JUDMB.csproj", "{A6E8E2D7-1FF2-45F0-BB5D-DABA90B73C9E}"
EndProject
Global
	GlobalSection(SolutionConfigurationPlatforms) = preSolution
		Debug|Any CPU = Debug|Any CPU
		Release|Any CPU = Release|Any CPU
	EndGlobalSection
	GlobalSection(ProjectConfigurationPlatforms) = postSolution
		{A6E8E2D7-1FF2-45F0-BB5D-DABA90B73C9E}.Debug|Any CPU.ActiveCfg = Debug|Any CPU
		{A6E8E2D7-1FF2-45F0-BB5D-DABA90B73C9E}.Debug|Any CPU.Build.0 = Debug|Any CPU
		{A6E8E2D7-1FF2-45F0-BB5D-DABA90B73C9E}.Release|Any CPU.ActiveCfg = Release|Any CPU
		{A6E8E2D7-1FF2-45F0-BB5D-DABA90B73C9E}.Release|Any CPU.Build.0 = Release|Any CPU
	EndGlobalSection
	GlobalSection(SolutionProperties) = preSolution
		HideSolutionNode = FALSE
	EndGlobalSection
	GlobalSection(ExtensibilityGlobals) = postSolution
		SolutionGuid = {CBCD0C66-28A8-4F9A-9623-975879533B2A}
	EndGlobalSection
EndGlobal
